
Microsoft Visual Studio Solution File, Format Version 12.00
# Visual Studio Express 2012 for Windows Desktop
Project("{F184B08F-C81C-45F6-A57F-5ABD9991F28F}") = "LocalUpdatePublisher", "LocalUpdatePublisher\LocalUpdatePublisher.vbproj", "{89801E8D-4598-4939-9F47-E648EFA762FE}"
EndProject
Global
	GlobalSection(SolutionConfigurationPlatforms) = preSolution
		Debug|x86 = Debug|x86
		Release|x86 = Release|x86
	EndGlobalSection
	GlobalSection(ProjectConfigurationPlatforms) = postSolution
		{89801E8D-4598-4939-9F47-E648EFA762FE}.Debug|x86.ActiveCfg = Debug|x86
		{89801E8D-4598-4939-9F47-E648EFA762FE}.Debug|x86.Build.0 = Debug|x86
		{89801E8D-4598-4939-9F47-E648EFA762FE}.Release|x86.ActiveCfg = Release|x86
		{89801E8D-4598-4939-9F47-E648EFA762FE}.Release|x86.Build.0 = Release|x86
	EndGlobalSection
	GlobalSection(SolutionProperties) = preSolution
		HideSolutionNode = FALSE
	EndGlobalSection
EndGlobal
